
Microsoft Visual Studio Solution File, Format Version 12.00
# Visual Studio 15
VisualStudioVersion = 15.0.27703.2035
MinimumVisualStudioVersion = 10.0.40219.1
Project("{FAE04EC0-301F-11D3-BF4B-00C04F79EFBC}") = "Galimsky DayPlanner", "Galimsky DayPlanner\Galimsky DayPlanner.csproj", "{D348A336-E5AF-40C9-8F91-2052FCBA33AB}"
EndProject
Global
	GlobalSection(SolutionConfigurationPlatforms) = preSolution
		Debug|Any CPU = Debug|Any CPU
		Release|Any CPU = Release|Any CPU
	EndGlobalSection
	GlobalSection(ProjectConfigurationPlatforms) = postSolution
		{D348A336-E5AF-40C9-8F91-2052FCBA33AB}.Debug|Any CPU.ActiveCfg = Debug|Any CPU
		{D348A336-E5AF-40C9-8F91-2052FCBA33AB}.Debug|Any CPU.Build.0 = Debug|Any CPU
		{D348A336-E5AF-40C9-8F91-2052FCBA33AB}.Release|Any CPU.ActiveCfg = Release|Any CPU
		{D348A336-E5AF-40C9-8F91-2052FCBA33AB}.Release|Any CPU.Build.0 = Release|Any CPU
	EndGlobalSection
	GlobalSection(SolutionProperties) = preSolution
		HideSolutionNode = FALSE
	EndGlobalSection
	GlobalSection(ExtensibilityGlobals) = postSolution
		SolutionGuid = {919DE39A-C6C3-44EF-9A24-8DF90B307D1F}
	EndGlobalSection
EndGlobal
